2
git https://github.com/kivikakk/libpcre.zig commit-00b62bc8bea7da75ba61f56555ea6cbaf0dc4e26
git https://github.com/nektro/arqv-ini commit-f1a72055884bd5bc0ffb93ba706c9212139d61b9
git https://github.com/nektro/gimme commit-380fc3161f5811dd382b5075cde057f2410dc0c4
git https://github.com/nektro/iguanaTLS commit-b0e810ba8508681935ea7a5af857cc197dcdd279
git https://github.com/nektro/koino-fork commit-9df4e7002b0a7ddedda6884791e04124b7654cd9
git https://github.com/nektro/pcre-8.45 commit-3934406b50b8c2a4e2fc7362ed8026224ac90828
git https://github.com/nektro/zfetch commit-ec3c02114dec5deff3310b590e69ce0aeb67b95b
git https://github.com/nektro/zig-UrlValues commit-bdcd007f7e29b61bb5e584894c1eaf4167b24d50
git https://github.com/nektro/zig-ansi commit-18c6c24d692df31a17f78299c4a539c935d1feb1
git https://github.com/nektro/zig-bencode commit-d32f5d01b8c011933835a0bbf02aafdeae32b593
git https://github.com/nektro/zig-color commit-eaf93f7c177e4bd0d6a258e88998e442cd905a69
git https://github.com/nektro/zig-cookies commit-23ed9b857ae78b1fcc021657b74fb206f006cd32
git https://github.com/nektro/zig-detect-license commit-9b85f69e9adc28ec70a217c07b86046e331d3485
git https://github.com/nektro/zig-errno commit-4c86c6bd5dcf4ed1477b0957684a80ec9d093b67
git https://github.com/nektro/zig-expect commit-74dc4c9acaa6f20d5819a6b68cb179f98d78f229
git https://github.com/nektro/zig-extras commit-5c4543acadb6c24c05d68f79e4c9d2093457a629
git https://github.com/nektro/zig-flag commit-e5c0a7088040fd61b764a4339e93a6ce67574700
git https://github.com/nektro/zig-fmt-valueliteral commit-b58fa1b8bd6fe4d64590f955a4b47f4da8ee2690
git https://github.com/nektro/zig-git commit-b206fa9978ef2cc06bab4d307c7ed07f1f3b88af
git https://github.com/nektro/zig-htmlentities commit-3ae26f4ac394ce20453239fdf4314e49e7cc4cfb
git https://github.com/nektro/zig-iana-tlds commit-9775643fccead9199cef26dffe5288e4048b5572
git https://github.com/nektro/zig-icu commit-3a813dc9d347ec7ddf5c9186434e70b0b0a5dba1
git https://github.com/nektro/zig-inquirer commit-3bee7b28a37f3d0898119ef095687467fa907d4b
git https://github.com/nektro/zig-intrusive-parser commit-eabd7f7b9b8defdbba5504d9ce2c93e1065ca34b
git https://github.com/nektro/zig-iso-3166-countrys commit-8c82ab725f7894422dee456beaf3164f0a9cf620
git https://github.com/nektro/zig-iso-639-languages commit-f1dc114cf23090fc0952575e18d09f2f9300ce3d
git https://github.com/nektro/zig-json commit-92dd6f67bbb52f060d5ac20719142b0211854290
git https://github.com/nektro/zig-js commit-f45f042d9d7ec1510c951e0661b3781dea72835b
git https://github.com/nektro/zig-leven commit-abcde0e877df670f96671bdca5b81b0e809df0d4
git https://github.com/nektro/zig-libc commit-533a5dc21dc83698dea6ee6dcc6991f47dd83e6b
git https://github.com/nektro/zig-licenses commit-86fc3f6cb4dcc2847832524a3f80d520c7a6577c
git https://github.com/nektro/zig-licenses-text commit-a4a66621b3cccdf05e62e0152cf2cd43e9072e97
git https://github.com/nektro/zig-mime commit-f405eb818f8da4706727e94d726902e4b1672b30
git https://github.com/nektro/zig-oauth2 commit-2367a0a7a24ea3cf27e2a8b65e88dba53e2606b9
git https://github.com/nektro/zig-pek commit-19658da57cd45200a7b357cc2667aa058a39a7b7
git https://github.com/nektro/zig-signal commit-6e6b1583967f0406cb603e31998579604a8167c1
git https://github.com/nektro/zig-sys-libc commit-27d3dfc745f391b4a13a257deea768ede03e9b25
git https://github.com/nektro/zig-sys-linux commit-820c66ec497dad3123a1d7f9e9c9afbe5254fb27
git https://github.com/nektro/zig-time commit-25165db8e626434ab6eae2cff64ba5e72e4fa062
git https://github.com/nektro/zig-tracer commit-cc75b7f652c7cd51cbfa6e3c7e8155cd153bb68b
git https://github.com/nektro/zig-ulid commit-e1b68ef07bfa322983f6a575d6b5e22dc1ed18b0
git https://github.com/nektro/zig-unicode-uca commit-661b60eabfb37efc694ad110380d2253193030e0
git https://github.com/nektro/zig-unicode-ucd commit-a0e281110f54a160df7b0de49041251fca7f3a5a
git https://github.com/nektro/zig-webidl commit-aa76ab61c527e81a96db32f25d7b0a053e876106
git https://github.com/nektro/zig-xml commit-fc07c763a98fa7961b65b0a2b95a2d0fa061fafb
git https://github.com/nektro/zig-yaml commit-10e8df67c534e186d851ed48e8895374d9a454e9
git https://github.com/nektro/zig-zorm commit-e30f063ca37685bc01430d5556c74c80a78ab7fd
git https://github.com/truemedian/hzzp commit-ab212bd208f0eb54d85861679677c5e3dc9bb543
git https://github.com/vrischmann/zig-sqlite commit-dfc34c306b954a3f9a55f460ac4ef2b8a0c2eb75
git https://github.com/kivikakk/htmlentities.zig commit-bd5d569a245c7c8e83812eadcb5761b7ba76ef04
git https://github.com/yaml/libyaml tag-0.2.5
http https://sqlite.org/2025/sqlite-amalgamation-3480000.zip sha256-d9a15a42db7c78f88fe3d3c5945acce2f4bfe9e4da9f685cd19f6ea1d40aa884
