2
git https://git.sr.ht/~nektro/magnolia-desktop commit-c1a433552e05e62e9e33f41604b87868ba778f38
git https://git.sr.ht/~nektro/wifilylinux commit-e6c93438e6e18ab4fbae7c3061ae353641d25480
git https://github.com/kivikakk/htmlentities.zig commit-6c6ab63c9fce8317049d332377db760a2c8932e7
git https://github.com/nektro/arqv-ini commit-77c6ab4dc5a98017b8a0d151b040d43f35c10f64
git https://github.com/nektro/gimme commit-34680f1a46d330f1de5d196ceb074a2b8167b29a
git https://github.com/nektro/iguanaTLS commit-4a98047d7274c6428f468624a419f558852d0de5
git https://github.com/nektro/zfetch commit-bf04b3cac41acc9bd535344ec7d51815fcb6e40e
git https://github.com/nektro/zig-UrlValues commit-395ae25c1228f07bfd61259ef36ebdc085df761c
git https://github.com/nektro/zig-ansi commit-b760bae9653a3f37a2db7175d18f290993d52e1e
git https://github.com/nektro/zig-bencode commit-8fed3f277d3b250f64cdf5e3c402f8011297dab8
git https://github.com/nektro/zig-color commit-fc908cce2f18abe9f587f53005b1a5992d88c211
git https://github.com/nektro/zig-detect-license commit-4a0db844a3093a51b45e03c1721a7ccb6c3ce393
git https://github.com/nektro/zig-extras commit-27da3db4b150bbd563d800e369b394c5650dd4f2
git https://github.com/nektro/zig-flag commit-91ec4bc936e3a8f21b19df822f7c60d87be8e8c1
git https://github.com/nektro/zig-git commit-6f387f91b0fbc7fbc7c13f6d184a25e675a26195
git https://github.com/nektro/zig-iana-tlds commit-d6d69d60c2eb3c86e64a27b47895cc088b522264
git https://github.com/nektro/zig-icu commit-a99fce7f755328a452c4c21305514b7bcdc5c560
git https://github.com/nektro/zig-inquirer commit-b9ce6c4bc509cb59881b60361293cac25cd559b5
git https://github.com/nektro/zig-intrusive-parser commit-7323c14a3732936260850e2546081e36d36368de
git https://github.com/nektro/zig-iso-3166-countrys commit-83bd3701fa7fefb451778f1f6e1cd07d2d3d9805
git https://github.com/nektro/zig-iso-639-languages commit-ddfc2dbc933eab4981b25b92e0e1ccc8f83607ce
git https://github.com/nektro/zig-json commit-5e02584768fd777be0a81bca2467ebcb012da32e
git https://github.com/nektro/zig-js commit-f8ec97ae42c2485d03d6cf0b85945853fc4a06d7
git https://github.com/nektro/zig-leven commit-20fdf1911d7227a93d2165392a37cb5c85bee1f1
git https://github.com/nektro/zig-licenses commit-a6682626e50219f04571cb2d9af8d77bf2fa97ca
git https://github.com/nektro/zig-licenses-text commit-6ef6cc46b7190487a3c2b935955d1298530b5035
git https://github.com/nektro/zig-mime commit-a6de80638189430453b81b579a0b14e811f8d3aa
git https://github.com/nektro/zig-oauth2 commit-d9beb9a0e0214e821bd7c75f4e74e0d98800a375
git https://github.com/nektro/zig-pek commit-e794f7ec499a044449a64e140f5e02cff2685038
git https://github.com/nektro/zig-signal commit-a5a9f52a0c2c6c687b158c7c50bd962141923f59
git https://github.com/nektro/zig-time commit-e946a144423cdb5dac3d46d6856c6e6da73e9305
git https://github.com/nektro/zig-tracer commit-60f0de9eb5d6c8acb1b7cea4a751751c122c272f
git https://github.com/nektro/zig-ulid commit-183f350064ed15148757d512d4641f4337358efa
git https://github.com/nektro/zig-unicode-uca commit-a880bea0d4c977fa8ff0f6b62614951a8526bc9e
git https://github.com/nektro/zig-unicode-ucd commit-1d2c6517014b2e644135e18982a65067dd2eb6e7
git https://github.com/nektro/zig-webidl commit-dd5a7d3f777005ee0f0bb9d2e5d4ac5aad887f6c
git https://github.com/nektro/zig-xml commit-139fc55420c30fbd79577ab2f5e8a7738f157092
git https://github.com/nektro/zig-yaml commit-0d17fb99cba338aedc1abac12d78d5e5f04f0b6b
git https://github.com/nektro/zig-zorm commit-b1628069f863dc55e2d02fe356510f2068ebefa2
git https://github.com/nektro/ziglint commit-012131328db440f3c17f16a5e6aebaad21e96fff
git https://github.com/nektro/zigmod commit-77914d78c8bf6f37ce868d81be1d4d73d91fcfe1
git https://github.com/truemedian/hzzp commit-ab212bd208f0eb54d85861679677c5e3dc9bb543
git https://github.com/vrischmann/zig-sqlite commit-c355f614e82743770b891ed295cb0198ae62f55e
git https://github.com/ziglibs/known-folders commit-1cceeb70e77dec941a4178160ff6c8d05a74de6f
git https://github.com/yaml/libyaml tag-0.2.5
git https://github.com/zigimg/zigimg commit-d9dbbe22b5f7b5f1f4772169ed93ffeed8e8124d
