2
git https://github.com/kivikakk/libpcre.zig commit-00b62bc8bea7da75ba61f56555ea6cbaf0dc4e26
git https://github.com/nektro/arqv-ini commit-4c84770a8a2d10b9a9bb1157d69f49e8cd398e1a
git https://github.com/nektro/gimme commit-dc5bde879c04e7cc6ac6403c41291dd45a7c83be
git https://github.com/nektro/iguanaTLS commit-c0a8d949c5cf8c72e2dfdaddee9fb7854b1c217e
git https://github.com/nektro/koino-fork commit-85695b315d20e713c8bb475a87283a9679fa0673
git https://github.com/nektro/pcre-8.45 commit-cd69966b46e641ba0847fdbab8b0d7c6d94d9594
git https://github.com/nektro/zfetch commit-c2883dd57698f223b2cfdccfc7ea357a12e5f741
git https://github.com/nektro/zig-UrlValues commit-44a9c4852a1ddc73c5312fbe142dff5025135c18
git https://github.com/nektro/zig-ansi commit-b0d7878680fff57fd5ed9e7e4d2694acc0b81255
git https://github.com/nektro/zig-bencode commit-75cc5d76753444b76db3b720db512f677ac555ce
git https://github.com/nektro/zig-color commit-b1df1f0d3561f2ff59ccddacd9b5c8efdaec2cf2
git https://github.com/nektro/zig-detect-license commit-3049b32e72045d8cefd64b8a7f9b0b8f9e76d80a
git https://github.com/nektro/zig-expect commit-9197d1f9b18040768e7bc453b7b376b8e2c9d91b
git https://github.com/nektro/zig-extras commit-d6345e1be7b622a3a04c7064065ab6765daa363f
git https://github.com/nektro/zig-flag commit-e514a3e79fb783333f3856d4cf1b56c822b97df0
git https://github.com/nektro/zig-git commit-2f89b319bf72f797e1d488e2e0e0f16f4ffcfef8
git https://github.com/nektro/zig-iana-tlds commit-c2f757010ec4cf1552f85c5dd2e222bd43ddee5a
git https://github.com/nektro/zig-icu commit-5c044fceca5cfaec37c08d0b58d5e13650f346d4
git https://github.com/nektro/zig-inquirer commit-d6005ee08b2f5ce3c4554fa7f91e733f58b1a434
git https://github.com/nektro/zig-intrusive-parser commit-75a9745d9100b17a9443e6a0051cb140ffbcd0b1
git https://github.com/nektro/zig-iso-3166-countrys commit-7ca7eb6b63d4894d3c8541fe97254d32a9e7eb02
git https://github.com/nektro/zig-iso-639-languages commit-e9a43b546c42901b667455925e57853745cc2520
git https://github.com/nektro/zig-json commit-03b5392e53513a0f90aa5c10219c7caee6383997
git https://github.com/nektro/zig-js commit-d5942eb0c0637e6d26f282fd486c4353efc976c8
git https://github.com/nektro/zig-leven commit-1c0e475b056ccc6a343187702ee4f3dc415e07cb
git https://github.com/nektro/zig-licenses commit-d683ae4d499c2a1f7f8c9cdd7304cd5a3c766e76
git https://github.com/nektro/zig-licenses-text commit-f1830fbbd78a31d54d8469a0243cb904e7295e10
git https://github.com/nektro/zig-mime commit-0dc5934a08f8cc3dc26ead4864356fb58e0aa060
git https://github.com/nektro/zig-oauth2 commit-5f25e67a03afd7e4f6df4d8aa57d12e0212346a2
git https://github.com/nektro/zig-pek commit-9d95a343c2f9c61b67c7e6f36f0e3907052f140f
git https://github.com/nektro/zig-signal commit-3677e2dc38240bf79890fe569a445a9175dff479
git https://github.com/nektro/zig-time commit-b9a93152af3ba73e5f681f73a67f0d676e2ad433
git https://github.com/nektro/zig-tracer commit-662774eedca41771f9ebd1ab45cfdc8e4319d4b4
git https://github.com/nektro/zig-ulid commit-3ee066e53a6b57446c448abf5f90fef76c873a1d
git https://github.com/nektro/zig-unicode-uca commit-57654190e7e7f64d479d70e320741d7f9ed9c976
git https://github.com/nektro/zig-unicode-ucd commit-ceb64573489955f0fea6df00439c94c7bb715cbc
git https://github.com/nektro/zig-webidl commit-0f63aa41ca92fd84f645d2ec9dd1683c9f0f6611
git https://github.com/nektro/zig-xml commit-05aeff20237e0ea0556e4ac0f519a278e45b0cfb
git https://github.com/nektro/zig-yaml commit-973902fd31de48462cb7241c1d2d65ce872bb903
git https://github.com/nektro/zig-zorm commit-342135fd758b5e955498f5776d10d2f02e22c19f
git https://github.com/truemedian/hzzp commit-ab212bd208f0eb54d85861679677c5e3dc9bb543
git https://github.com/kivikakk/htmlentities.zig commit-bd5d569a245c7c8e83812eadcb5761b7ba76ef04
git https://github.com/vrischmann/zig-sqlite commit-91e5fedd15c5ea3cb42ccceefb3d0f4bb9bad68f
git https://github.com/yaml/libyaml tag-0.2.5
